
Microsoft Visual Studio Solution File, Format Version 12.00
# Visual Studio Version 17
VisualStudioVersion = 17.2.32505.173
MinimumVisualStudioVersion = 10.0.40219.1
Project("{FAE04EC0-301F-11D3-BF4B-00C04F79EFBC}") = "Assignment1_SUM_OF_EVEN", "Assignment1_SUM_OF_EVEN\Assignment1_SUM_OF_EVEN.csproj", "{C0A3420F-800B-42D3-AF0F-725C5423A4A8}"
EndProject
Global
	GlobalSection(SolutionConfigurationPlatforms) = preSolution
		Debug|Any CPU = Debug|Any CPU
		Release|Any CPU = Release|Any CPU
	EndGlobalSection
	GlobalSection(ProjectConfigurationPlatforms) = postSolution
		{C0A3420F-800B-42D3-AF0F-725C5423A4A8}.Debug|Any CPU.ActiveCfg = Debug|Any CPU
		{C0A3420F-800B-42D3-AF0F-725C5423A4A8}.Debug|Any CPU.Build.0 = Debug|Any CPU
		{C0A3420F-800B-42D3-AF0F-725C5423A4A8}.Release|Any CPU.ActiveCfg = Release|Any CPU
		{C0A3420F-800B-42D3-AF0F-725C5423A4A8}.Release|Any CPU.Build.0 = Release|Any CPU
	EndGlobalSection
	GlobalSection(SolutionProperties) = preSolution
		HideSolutionNode = FALSE
	EndGlobalSection
	GlobalSection(ExtensibilityGlobals) = postSolution
		SolutionGuid = {77957756-08DD-4F10-A1B9-CDE7CD2F55A2}
	EndGlobalSection
EndGlobal
