
Microsoft Visual Studio Solution File, Format Version 12.00
# Visual Studio Version 17
VisualStudioVersion = 17.4.33213.308
MinimumVisualStudioVersion = 10.0.40219.1
Project("{FAE04EC0-301F-11D3-BF4B-00C04F79EFBC}") = "DatingApp", "DatingApp.csproj", "{4E232D1E-CD17-4560-A768-824DF20DD98E}"
EndProject
Global
	GlobalSection(SolutionConfigurationPlatforms) = preSolution
		Debug|Any CPU = Debug|Any CPU
		Release|Any CPU = Release|Any CPU
	EndGlobalSection
	GlobalSection(ProjectConfigurationPlatforms) = postSolution
		{4E232D1E-CD17-4560-A768-824DF20DD98E}.Debug|Any CPU.ActiveCfg = Debug|Any CPU
		{4E232D1E-CD17-4560-A768-824DF20DD98E}.Debug|Any CPU.Build.0 = Debug|Any CPU
		{4E232D1E-CD17-4560-A768-824DF20DD98E}.Release|Any CPU.ActiveCfg = Release|Any CPU
		{4E232D1E-CD17-4560-A768-824DF20DD98E}.Release|Any CPU.Build.0 = Release|Any CPU
	EndGlobalSection
	GlobalSection(SolutionProperties) = preSolution
		HideSolutionNode = FALSE
	EndGlobalSection
	GlobalSection(ExtensibilityGlobals) = postSolution
		SolutionGuid = {DE3972C8-4A6E-4162-B8F8-E7CC5B111939}
	EndGlobalSection
EndGlobal
