
Microsoft Visual Studio Solution File, Format Version 12.00
# Visual Studio Version 17
VisualStudioVersion = 17.2.32505.173
MinimumVisualStudioVersion = 10.0.40219.1
Project("{FAE04EC0-301F-11D3-BF4B-00C04F79EFBC}") = "Assignment1_payroll", "Assignment1_payroll.csproj", "{9DD6A389-5CEA-4623-911F-7C44EDFC01FE}"
EndProject
Global
	GlobalSection(SolutionConfigurationPlatforms) = preSolution
		Debug|Any CPU = Debug|Any CPU
		Release|Any CPU = Release|Any CPU
	EndGlobalSection
	GlobalSection(ProjectConfigurationPlatforms) = postSolution
		{9DD6A389-5CEA-4623-911F-7C44EDFC01FE}.Debug|Any CPU.ActiveCfg = Debug|Any CPU
		{9DD6A389-5CEA-4623-911F-7C44EDFC01FE}.Debug|Any CPU.Build.0 = Debug|Any CPU
		{9DD6A389-5CEA-4623-911F-7C44EDFC01FE}.Release|Any CPU.ActiveCfg = Release|Any CPU
		{9DD6A389-5CEA-4623-911F-7C44EDFC01FE}.Release|Any CPU.Build.0 = Release|Any CPU
	EndGlobalSection
	GlobalSection(SolutionProperties) = preSolution
		HideSolutionNode = FALSE
	EndGlobalSection
	GlobalSection(ExtensibilityGlobals) = postSolution
		SolutionGuid = {C7E857E5-F7D4-415D-9359-8E047624180E}
	EndGlobalSection
EndGlobal
